
Microsoft Visual Studio Solution File, Format Version 12.00
# Visual Studio Version 17
VisualStudioVersion = 17.5.33424.131
MinimumVisualStudioVersion = 10.0.40219.1
Project("{FAE04EC0-301F-11D3-BF4B-00C04F79EFBC}") = "JobSchedulerService", "JobSchedulerService\JobSchedulerService.csproj", "{1363AAE9-2AB4-486B-A637-ED404F0A29DE}"
EndProject
Project("{FAE04EC0-301F-11D3-BF4B-00C04F79EFBC}") = "JobSchedulerService.Tests", "JobSchedulerService.Tests\JobSchedulerService.Tests.csproj", "{EBB250D3-D1CC-4C30-AACD-750BC8E57B32}"
EndProject
Global
	GlobalSection(SolutionConfigurationPlatforms) = preSolution
		Debug|Any CPU = Debug|Any CPU
		Release|Any CPU = Release|Any CPU
	EndGlobalSection
	GlobalSection(ProjectConfigurationPlatforms) = postSolution
		{1363AAE9-2AB4-486B-A637-ED404F0A29DE}.Debug|Any CPU.ActiveCfg = Debug|Any CPU
		{1363AAE9-2AB4-486B-A637-ED404F0A29DE}.Debug|Any CPU.Build.0 = Debug|Any CPU
		{1363AAE9-2AB4-486B-A637-ED404F0A29DE}.Release|Any CPU.ActiveCfg = Release|Any CPU
		{1363AAE9-2AB4-486B-A637-ED404F0A29DE}.Release|Any CPU.Build.0 = Release|Any CPU
		{EBB250D3-D1CC-4C30-AACD-750BC8E57B32}.Debug|Any CPU.ActiveCfg = Debug|Any CPU
		{EBB250D3-D1CC-4C30-AACD-750BC8E57B32}.Debug|Any CPU.Build.0 = Debug|Any CPU
		{EBB250D3-D1CC-4C30-AACD-750BC8E57B32}.Release|Any CPU.ActiveCfg = Release|Any CPU
		{EBB250D3-D1CC-4C30-AACD-750BC8E57B32}.Release|Any CPU.Build.0 = Release|Any CPU
	EndGlobalSection
	GlobalSection(SolutionProperties) = preSolution
		HideSolutionNode = FALSE
	EndGlobalSection
	GlobalSection(ExtensibilityGlobals) = postSolution
		SolutionGuid = {31E9DCD3-87C1-4864-9065-2E169D31F640}
	EndGlobalSection
EndGlobal
